
Microsoft Visual Studio Solution File, Format Version 12.00
# Visual Studio Version 17
VisualStudioVersion = 17.1.32319.34
MinimumVisualStudioVersion = 10.0.40219.1
Project("{2150E333-8FDC-42A3-9474-1A3956D46DE8}") = "Models", "Models", "{740FF42C-7D4E-4267-9B57-FBDBBB91FCC0}"
EndProject
Project("{2150E333-8FDC-42A3-9474-1A3956D46DE8}") = "Api", "Api", "{EBDF8918-AC65-4678-B06B-62530C179B15}"
EndProject
Project("{9A19103F-16F7-4668-BE54-9A1E7A4F7556}") = "UsersManagementApi", "Api\UsersManagementApi.csproj", "{6D98EBF3-CF1D-422D-8CFD-F60B20EAE778}"
EndProject
Project("{9A19103F-16F7-4668-BE54-9A1E7A4F7556}") = "Entities", "Models\Entities\Entities.csproj", "{8AD1D6E1-2B23-47DB-B4D1-6668D0CBAB29}"
EndProject
Project("{2150E333-8FDC-42A3-9474-1A3956D46DE8}") = "Commons", "Commons", "{2F02F83B-164F-450E-9984-82BFCB036DFF}"
EndProject
Project("{9A19103F-16F7-4668-BE54-9A1E7A4F7556}") = "Transversals", "Commons\Transversals\Transversals.csproj", "{A10AFC24-4268-490C-81D6-2A136E0BCB6B}"
EndProject
Project("{2150E333-8FDC-42A3-9474-1A3956D46DE8}") = "Core", "Core", "{1565C877-C170-4842-A3BE-F2D18B7E0313}"
EndProject
Project("{9A19103F-16F7-4668-BE54-9A1E7A4F7556}") = "Dto", "Models\Dto\Dto.csproj", "{9625A84B-2A99-4FB2-AB3C-5E18B04D3651}"
EndProject
Project("{2150E333-8FDC-42A3-9474-1A3956D46DE8}") = "Persistence", "Persistence", "{8BFAA2A7-4E72-4281-B7CC-6ECDEC27B307}"
EndProject
Project("{9A19103F-16F7-4668-BE54-9A1E7A4F7556}") = "Mappers", "Commons\Mappers\Mappers.csproj", "{E6016AB5-C917-4C9C-B165-7DE1925A053A}"
EndProject
Project("{2150E333-8FDC-42A3-9474-1A3956D46DE8}") = "Tests", "Tests", "{2F5800C1-CD1D-46BA-BB7C-885AA9A3FB63}"
EndProject
Project("{2150E333-8FDC-42A3-9474-1A3956D46DE8}") = "Users", "Users", "{7D02A0C4-910B-4C47-9DB9-5318564F694E}"
EndProject
Project("{9A19103F-16F7-4668-BE54-9A1E7A4F7556}") = "UsersTests", "Tests\UsersTests\UsersTests.csproj", "{93311F8D-2107-4CC9-8754-8B85C51D60BA}"
EndProject
Project("{9A19103F-16F7-4668-BE54-9A1E7A4F7556}") = "Services", "Core\Services\Core\Services.csproj", "{47B15B1B-3028-48B4-9659-7CA8D46B9B87}"
EndProject
Project("{9A19103F-16F7-4668-BE54-9A1E7A4F7556}") = "Data", "Repository\Data\Data.csproj", "{E7590E16-7A65-446C-84E5-FE87438E46CE}"
EndProject
Project("{9A19103F-16F7-4668-BE54-9A1E7A4F7556}") = "Repository", "Repository\Repository\Repository.csproj", "{8563D1DB-3C05-44DC-AD6B-01EF8FED2C5D}"
EndProject
Global
	GlobalSection(SolutionConfigurationPlatforms) = preSolution
		Debug|Any CPU = Debug|Any CPU
		Release|Any CPU = Release|Any CPU
	EndGlobalSection
	GlobalSection(ProjectConfigurationPlatforms) = postSolution
		{6D98EBF3-CF1D-422D-8CFD-F60B20EAE778}.Debug|Any CPU.ActiveCfg = Debug|Any CPU
		{6D98EBF3-CF1D-422D-8CFD-F60B20EAE778}.Debug|Any CPU.Build.0 = Debug|Any CPU
		{6D98EBF3-CF1D-422D-8CFD-F60B20EAE778}.Release|Any CPU.ActiveCfg = Release|Any CPU
		{6D98EBF3-CF1D-422D-8CFD-F60B20EAE778}.Release|Any CPU.Build.0 = Release|Any CPU
		{8AD1D6E1-2B23-47DB-B4D1-6668D0CBAB29}.Debug|Any CPU.ActiveCfg = Debug|Any CPU
		{8AD1D6E1-2B23-47DB-B4D1-6668D0CBAB29}.Debug|Any CPU.Build.0 = Debug|Any CPU
		{8AD1D6E1-2B23-47DB-B4D1-6668D0CBAB29}.Release|Any CPU.ActiveCfg = Release|Any CPU
		{8AD1D6E1-2B23-47DB-B4D1-6668D0CBAB29}.Release|Any CPU.Build.0 = Release|Any CPU
		{A10AFC24-4268-490C-81D6-2A136E0BCB6B}.Debug|Any CPU.ActiveCfg = Debug|Any CPU
		{A10AFC24-4268-490C-81D6-2A136E0BCB6B}.Debug|Any CPU.Build.0 = Debug|Any CPU
		{A10AFC24-4268-490C-81D6-2A136E0BCB6B}.Release|Any CPU.ActiveCfg = Release|Any CPU
		{A10AFC24-4268-490C-81D6-2A136E0BCB6B}.Release|Any CPU.Build.0 = Release|Any CPU
		{9625A84B-2A99-4FB2-AB3C-5E18B04D3651}.Debug|Any CPU.ActiveCfg = Debug|Any CPU
		{9625A84B-2A99-4FB2-AB3C-5E18B04D3651}.Debug|Any CPU.Build.0 = Debug|Any CPU
		{9625A84B-2A99-4FB2-AB3C-5E18B04D3651}.Release|Any CPU.ActiveCfg = Release|Any CPU
		{9625A84B-2A99-4FB2-AB3C-5E18B04D3651}.Release|Any CPU.Build.0 = Release|Any CPU
		{E6016AB5-C917-4C9C-B165-7DE1925A053A}.Debug|Any CPU.ActiveCfg = Debug|Any CPU
		{E6016AB5-C917-4C9C-B165-7DE1925A053A}.Debug|Any CPU.Build.0 = Debug|Any CPU
		{E6016AB5-C917-4C9C-B165-7DE1925A053A}.Release|Any CPU.ActiveCfg = Release|Any CPU
		{E6016AB5-C917-4C9C-B165-7DE1925A053A}.Release|Any CPU.Build.0 = Release|Any CPU
		{93311F8D-2107-4CC9-8754-8B85C51D60BA}.Debug|Any CPU.ActiveCfg = Debug|Any CPU
		{93311F8D-2107-4CC9-8754-8B85C51D60BA}.Debug|Any CPU.Build.0 = Debug|Any CPU
		{93311F8D-2107-4CC9-8754-8B85C51D60BA}.Release|Any CPU.ActiveCfg = Release|Any CPU
		{93311F8D-2107-4CC9-8754-8B85C51D60BA}.Release|Any CPU.Build.0 = Release|Any CPU
		{47B15B1B-3028-48B4-9659-7CA8D46B9B87}.Debug|Any CPU.ActiveCfg = Debug|Any CPU
		{47B15B1B-3028-48B4-9659-7CA8D46B9B87}.Debug|Any CPU.Build.0 = Debug|Any CPU
		{47B15B1B-3028-48B4-9659-7CA8D46B9B87}.Release|Any CPU.ActiveCfg = Release|Any CPU
		{47B15B1B-3028-48B4-9659-7CA8D46B9B87}.Release|Any CPU.Build.0 = Release|Any CPU
		{E7590E16-7A65-446C-84E5-FE87438E46CE}.Debug|Any CPU.ActiveCfg = Debug|Any CPU
		{E7590E16-7A65-446C-84E5-FE87438E46CE}.Debug|Any CPU.Build.0 = Debug|Any CPU
		{E7590E16-7A65-446C-84E5-FE87438E46CE}.Release|Any CPU.ActiveCfg = Release|Any CPU
		{E7590E16-7A65-446C-84E5-FE87438E46CE}.Release|Any CPU.Build.0 = Release|Any CPU
		{8563D1DB-3C05-44DC-AD6B-01EF8FED2C5D}.Debug|Any CPU.ActiveCfg = Debug|Any CPU
		{8563D1DB-3C05-44DC-AD6B-01EF8FED2C5D}.Debug|Any CPU.Build.0 = Debug|Any CPU
		{8563D1DB-3C05-44DC-AD6B-01EF8FED2C5D}.Release|Any CPU.ActiveCfg = Release|Any CPU
		{8563D1DB-3C05-44DC-AD6B-01EF8FED2C5D}.Release|Any CPU.Build.0 = Release|Any CPU
	EndGlobalSection
	GlobalSection(SolutionProperties) = preSolution
		HideSolutionNode = FALSE
	EndGlobalSection
	GlobalSection(NestedProjects) = preSolution
		{6D98EBF3-CF1D-422D-8CFD-F60B20EAE778} = {EBDF8918-AC65-4678-B06B-62530C179B15}
		{8AD1D6E1-2B23-47DB-B4D1-6668D0CBAB29} = {740FF42C-7D4E-4267-9B57-FBDBBB91FCC0}
		{A10AFC24-4268-490C-81D6-2A136E0BCB6B} = {2F02F83B-164F-450E-9984-82BFCB036DFF}
		{9625A84B-2A99-4FB2-AB3C-5E18B04D3651} = {740FF42C-7D4E-4267-9B57-FBDBBB91FCC0}
		{E6016AB5-C917-4C9C-B165-7DE1925A053A} = {2F02F83B-164F-450E-9984-82BFCB036DFF}
		{7D02A0C4-910B-4C47-9DB9-5318564F694E} = {2F5800C1-CD1D-46BA-BB7C-885AA9A3FB63}
		{93311F8D-2107-4CC9-8754-8B85C51D60BA} = {7D02A0C4-910B-4C47-9DB9-5318564F694E}
		{47B15B1B-3028-48B4-9659-7CA8D46B9B87} = {1565C877-C170-4842-A3BE-F2D18B7E0313}
		{E7590E16-7A65-446C-84E5-FE87438E46CE} = {8BFAA2A7-4E72-4281-B7CC-6ECDEC27B307}
		{8563D1DB-3C05-44DC-AD6B-01EF8FED2C5D} = {8BFAA2A7-4E72-4281-B7CC-6ECDEC27B307}
	EndGlobalSection
	GlobalSection(ExtensibilityGlobals) = postSolution
		SolutionGuid = {333497CC-4AD6-444D-8508-586A75C25FDF}
	EndGlobalSection
EndGlobal
